
Microsoft Visual Studio Solution File, Format Version 12.00
# Visual Studio Version 17
VisualStudioVersion = 17.5.33516.290
MinimumVisualStudioVersion = 10.0.40219.1
Project("{9A19103F-16F7-4668-BE54-9A1E7A4F7556}") = "FitnessApp.Web", "FitnessApp.Web\FitnessApp.Web.csproj", "{F6FA6500-B236-4B4A-A2CB-000DAC645BCC}"
EndProject
Project("{9A19103F-16F7-4668-BE54-9A1E7A4F7556}") = "FitnessApp.DataLayer", "FitnessApp.Data\FitnessApp.DataLayer.csproj", "{4BD4102D-CF9A-47C4-B1FB-7A871A0B0A89}"
EndProject
Project("{9A19103F-16F7-4668-BE54-9A1E7A4F7556}") = "FitnessApp.Web.ViewModels", "FitnessApp.Web.ViewModels\FitnessApp.Web.ViewModels.csproj", "{8952074D-4CFF-45F8-B0E3-CD19368DEA3F}"
EndProject
Project("{9A19103F-16F7-4668-BE54-9A1E7A4F7556}") = "FitnessApp.Services", "FitnessApp.Services\FitnessApp.Services.csproj", "{31F3CD4B-FDD9-4442-8FDC-1BD8D7027A0A}"
EndProject
Project("{FAE04EC0-301F-11D3-BF4B-00C04F79EFBC}") = "FitnessApp.Test.Services", "FitnessApp.Test.Services\FitnessApp.Test.Services.csproj", "{D8101006-F010-4524-B99B-B97549604006}"
EndProject
Global
	GlobalSection(SolutionConfigurationPlatforms) = preSolution
		Debug|Any CPU = Debug|Any CPU
		Release|Any CPU = Release|Any CPU
	EndGlobalSection
	GlobalSection(ProjectConfigurationPlatforms) = postSolution
		{F6FA6500-B236-4B4A-A2CB-000DAC645BCC}.Debug|Any CPU.ActiveCfg = Debug|Any CPU
		{F6FA6500-B236-4B4A-A2CB-000DAC645BCC}.Debug|Any CPU.Build.0 = Debug|Any CPU
		{F6FA6500-B236-4B4A-A2CB-000DAC645BCC}.Release|Any CPU.ActiveCfg = Release|Any CPU
		{F6FA6500-B236-4B4A-A2CB-000DAC645BCC}.Release|Any CPU.Build.0 = Release|Any CPU
		{4BD4102D-CF9A-47C4-B1FB-7A871A0B0A89}.Debug|Any CPU.ActiveCfg = Debug|Any CPU
		{4BD4102D-CF9A-47C4-B1FB-7A871A0B0A89}.Debug|Any CPU.Build.0 = Debug|Any CPU
		{4BD4102D-CF9A-47C4-B1FB-7A871A0B0A89}.Release|Any CPU.ActiveCfg = Release|Any CPU
		{4BD4102D-CF9A-47C4-B1FB-7A871A0B0A89}.Release|Any CPU.Build.0 = Release|Any CPU
		{8952074D-4CFF-45F8-B0E3-CD19368DEA3F}.Debug|Any CPU.ActiveCfg = Debug|Any CPU
		{8952074D-4CFF-45F8-B0E3-CD19368DEA3F}.Debug|Any CPU.Build.0 = Debug|Any CPU
		{8952074D-4CFF-45F8-B0E3-CD19368DEA3F}.Release|Any CPU.ActiveCfg = Release|Any CPU
		{8952074D-4CFF-45F8-B0E3-CD19368DEA3F}.Release|Any CPU.Build.0 = Release|Any CPU
		{31F3CD4B-FDD9-4442-8FDC-1BD8D7027A0A}.Debug|Any CPU.ActiveCfg = Debug|Any CPU
		{31F3CD4B-FDD9-4442-8FDC-1BD8D7027A0A}.Debug|Any CPU.Build.0 = Debug|Any CPU
		{31F3CD4B-FDD9-4442-8FDC-1BD8D7027A0A}.Release|Any CPU.ActiveCfg = Release|Any CPU
		{31F3CD4B-FDD9-4442-8FDC-1BD8D7027A0A}.Release|Any CPU.Build.0 = Release|Any CPU
		{D8101006-F010-4524-B99B-B97549604006}.Debug|Any CPU.ActiveCfg = Debug|Any CPU
		{D8101006-F010-4524-B99B-B97549604006}.Debug|Any CPU.Build.0 = Debug|Any CPU
		{D8101006-F010-4524-B99B-B97549604006}.Release|Any CPU.ActiveCfg = Release|Any CPU
		{D8101006-F010-4524-B99B-B97549604006}.Release|Any CPU.Build.0 = Release|Any CPU
	EndGlobalSection
	GlobalSection(SolutionProperties) = preSolution
		HideSolutionNode = FALSE
	EndGlobalSection
	GlobalSection(ExtensibilityGlobals) = postSolution
		SolutionGuid = {147412B4-795D-4824-BA72-9E14068513CA}
	EndGlobalSection
EndGlobal
